
Microsoft Visual Studio Solution File, Format Version 12.00
# Visual Studio Version 16
VisualStudioVersion = 16.0.29728.190
MinimumVisualStudioVersion = 10.0.40219.1
Project("{2150E333-8FDC-42A3-9474-1A3956D46DE8}") = "0 - Presentation", "0 - Presentation", "{738D4599-6F64-4130-8745-CB4DD3913762}"
EndProject
Project("{2150E333-8FDC-42A3-9474-1A3956D46DE8}") = "1 - Services", "1 - Services", "{AD6E79E5-0A2B-42C3-A1B3-3EEB746EACD9}"
EndProject
Project("{2150E333-8FDC-42A3-9474-1A3956D46DE8}") = "2 - Application", "2 - Application", "{59753443-BAE1-45EE-8718-8B72C1214872}"
EndProject
Project("{2150E333-8FDC-42A3-9474-1A3956D46DE8}") = "3 - Domain", "3 - Domain", "{F7A3722E-A825-4499-8DF9-8B935432FCA0}"
EndProject
Project("{2150E333-8FDC-42A3-9474-1A3956D46DE8}") = "4 - Infra", "4 - Infra", "{6759819B-357B-4EE9-993C-3F44EF65663F}"
EndProject
Project("{2150E333-8FDC-42A3-9474-1A3956D46DE8}") = "4.1 - Data", "4.1 - Data", "{BE3A85B7-9A09-434B-A1AB-3719898E50E6}"
EndProject
Project("{2150E333-8FDC-42A3-9474-1A3956D46DE8}") = "4.1 - CrossCutting", "4.1 - CrossCutting", "{24CDAC5A-FB6E-4A59-A257-D57CAD04B858}"
EndProject
Project("{FAE04EC0-301F-11D3-BF4B-00C04F79EFBC}") = "ProjetoModeloDDD.MVC", "ProjetoModeloDDD.MVC\ProjetoModeloDDD.MVC.csproj", "{49C81439-6244-4A3E-A063-DFC42D7CFC1F}"
EndProject
Project("{FAE04EC0-301F-11D3-BF4B-00C04F79EFBC}") = "ProjetoModeloDDD.Domain", "ProjetoModeloDDD.Domain\ProjetoModeloDDD.Domain.csproj", "{F8E2DE82-92F4-4A78-85F2-84F1E02666D3}"
EndProject
Project("{FAE04EC0-301F-11D3-BF4B-00C04F79EFBC}") = "ProjetoModeloDDD.Infra.Data", "ProjetoModeloDDD.Infra.Data\ProjetoModeloDDD.Infra.Data.csproj", "{E5DF139A-78F0-42A1-9ACB-9AEBB0F5F9A5}"
EndProject
Project("{FAE04EC0-301F-11D3-BF4B-00C04F79EFBC}") = "ProjetoModeloDDD.Application", "ProjetoModeloDDD.Application\ProjetoModeloDDD.Application.csproj", "{E18D8EBA-94AB-46FC-A2BA-8755F6AB8E29}"
EndProject
Global
	GlobalSection(SolutionConfigurationPlatforms) = preSolution
		Debug|Any CPU = Debug|Any CPU
		Release|Any CPU = Release|Any CPU
	EndGlobalSection
	GlobalSection(ProjectConfigurationPlatforms) = postSolution
		{49C81439-6244-4A3E-A063-DFC42D7CFC1F}.Debug|Any CPU.ActiveCfg = Debug|Any CPU
		{49C81439-6244-4A3E-A063-DFC42D7CFC1F}.Debug|Any CPU.Build.0 = Debug|Any CPU
		{49C81439-6244-4A3E-A063-DFC42D7CFC1F}.Release|Any CPU.ActiveCfg = Release|Any CPU
		{49C81439-6244-4A3E-A063-DFC42D7CFC1F}.Release|Any CPU.Build.0 = Release|Any CPU
		{F8E2DE82-92F4-4A78-85F2-84F1E02666D3}.Debug|Any CPU.ActiveCfg = Debug|Any CPU
		{F8E2DE82-92F4-4A78-85F2-84F1E02666D3}.Debug|Any CPU.Build.0 = Debug|Any CPU
		{F8E2DE82-92F4-4A78-85F2-84F1E02666D3}.Release|Any CPU.ActiveCfg = Release|Any CPU
		{F8E2DE82-92F4-4A78-85F2-84F1E02666D3}.Release|Any CPU.Build.0 = Release|Any CPU
		{E5DF139A-78F0-42A1-9ACB-9AEBB0F5F9A5}.Debug|Any CPU.ActiveCfg = Debug|Any CPU
		{E5DF139A-78F0-42A1-9ACB-9AEBB0F5F9A5}.Debug|Any CPU.Build.0 = Debug|Any CPU
		{E5DF139A-78F0-42A1-9ACB-9AEBB0F5F9A5}.Release|Any CPU.ActiveCfg = Release|Any CPU
		{E5DF139A-78F0-42A1-9ACB-9AEBB0F5F9A5}.Release|Any CPU.Build.0 = Release|Any CPU
		{E18D8EBA-94AB-46FC-A2BA-8755F6AB8E29}.Debug|Any CPU.ActiveCfg = Debug|Any CPU
		{E18D8EBA-94AB-46FC-A2BA-8755F6AB8E29}.Debug|Any CPU.Build.0 = Debug|Any CPU
		{E18D8EBA-94AB-46FC-A2BA-8755F6AB8E29}.Release|Any CPU.ActiveCfg = Release|Any CPU
		{E18D8EBA-94AB-46FC-A2BA-8755F6AB8E29}.Release|Any CPU.Build.0 = Release|Any CPU
	EndGlobalSection
	GlobalSection(SolutionProperties) = preSolution
		HideSolutionNode = FALSE
	EndGlobalSection
	GlobalSection(NestedProjects) = preSolution
		{BE3A85B7-9A09-434B-A1AB-3719898E50E6} = {6759819B-357B-4EE9-993C-3F44EF65663F}
		{24CDAC5A-FB6E-4A59-A257-D57CAD04B858} = {6759819B-357B-4EE9-993C-3F44EF65663F}
		{49C81439-6244-4A3E-A063-DFC42D7CFC1F} = {738D4599-6F64-4130-8745-CB4DD3913762}
		{F8E2DE82-92F4-4A78-85F2-84F1E02666D3} = {F7A3722E-A825-4499-8DF9-8B935432FCA0}
		{E5DF139A-78F0-42A1-9ACB-9AEBB0F5F9A5} = {BE3A85B7-9A09-434B-A1AB-3719898E50E6}
		{E18D8EBA-94AB-46FC-A2BA-8755F6AB8E29} = {59753443-BAE1-45EE-8718-8B72C1214872}
	EndGlobalSection
	GlobalSection(ExtensibilityGlobals) = postSolution
		SolutionGuid = {F6B9E239-5AE4-40B3-9634-83B364C60953}
	EndGlobalSection
EndGlobal
